version: 7
platforms:
- name: linux-aarch64
  virtual-packages:
  - __unix=0=0
  - __linux=4.18
  - __glibc=2.28
  - __archspec=0=aarch64
environments:
  default:
    channels:
    - url: https://prefix.dev/conda-forge/
    packages:
      linux-aarch64:
      - conda: https://prefix.dev/conda-forge/linux-aarch64/_openmp_mutex-4.5-20_gnu.conda
      - conda: https://prefix.dev/conda-forge/linux-aarch64/binutils_impl_linux-aarch64-2.46.1-default_h5f4c503_102.conda
      - conda: https://prefix.dev/conda-forge/linux-aarch64/bzip2-1.0.8-h4777abc_10.conda
      - conda: https://prefix.dev/conda-forge/linux-aarch64/c-ares-1.34.8-h29ee22c_2.conda
      - conda: https://prefix.dev/conda-forge/linux-aarch64/c-compiler-2.0.0-h1f08cd5_0.conda
      - conda: https://prefix.dev/conda-forge/linux-aarch64/cmake-4.4.2-hcbeb305_2.conda
      - conda: https://prefix.dev/conda-forge/linux-aarch64/conda-gcc-specs-15.3.0-hbdd0822_4.conda
      - conda: https://prefix.dev/conda-forge/linux-aarch64/cxx-compiler-2.0.0-hf41333a_0.conda
      - conda: https://prefix.dev/conda-forge/linux-aarch64/cython-3.3.0-py314h1eee2f1_0.conda
      - conda: https://prefix.dev/conda-forge/linux-aarch64/gcc-15.3.0-hfdd745d_4.conda
      - conda: https://prefix.dev/conda-forge/linux-aarch64/gcc_impl_linux-aarch64-15.3.0-hfe63468_4.conda
      - conda: https://prefix.dev/conda-forge/linux-aarch64/gxx-15.3.0-hfdd745d_4.conda
      - conda: https://prefix.dev/conda-forge/linux-aarch64/gxx_impl_linux-aarch64-15.3.0-hcb04d1e_4.conda
      - conda: https://prefix.dev/conda-forge/linux-aarch64/icu-78.3-py311h3512406_2.conda
      - conda: https://prefix.dev/conda-forge/linux-aarch64/keyutils-1.6.3-h5bc82ec_1.conda
      - conda: https://prefix.dev/conda-forge/linux-aarch64/krb5-1.22.2-h095d8e5_2.conda
      - conda: https://prefix.dev/conda-forge/linux-aarch64/ld_impl_linux-aarch64-2.46.1-default_h1979696_102.conda
      - conda: https://prefix.dev/conda-forge/linux-aarch64/libcurl-8.21.0-h86273da_5.conda
      - conda: https://prefix.dev/conda-forge/linux-aarch64/libedit-3.1.20250104-pl5321hc48eb74_1.conda
      - conda: https://prefix.dev/conda-forge/linux-aarch64/libev-4.33-h80f16a2_3.conda
      - conda: https://prefix.dev/conda-forge/linux-aarch64/libexpat-2.8.1-hfae3067_1.conda
      - conda: https://prefix.dev/conda-forge/linux-aarch64/libffi-3.7.0-h376a255_0.conda
      - conda: https://prefix.dev/conda-forge/linux-aarch64/libgcc-16.2.0-h205dda4_4.conda
      - conda: https://prefix.dev/conda-forge/linux-aarch64/libgomp-16.2.0-h8acb6b2_4.conda
      - conda: https://prefix.dev/conda-forge/linux-aarch64/liblzma-5.8.3-he30d5cf_1.conda
      - conda: https://prefix.dev/conda-forge/linux-aarch64/libmpdec-4.0.0-he30d5cf_2.conda
      - conda: https://prefix.dev/conda-forge/linux-aarch64/libnghttp2-1.68.1-ha4b982d_1.conda
      - conda: https://prefix.dev/conda-forge/linux-aarch64/libpsl-0.23.1-hb8431ed_1.conda
      - conda: https://prefix.dev/conda-forge/linux-aarch64/libsanitizer-15.3.0-he541324_4.conda
      - conda: https://prefix.dev/conda-forge/linux-aarch64/libsqlite-3.53.4-h399dd60_1.conda
      - conda: https://prefix.dev/conda-forge/linux-aarch64/libssh2-1.11.1-h7572e3e_1.conda
      - conda: https://prefix.dev/conda-forge/linux-aarch64/libstdcxx-16.2.0-hef695bb_4.conda
      - conda: https://prefix.dev/conda-forge/linux-aarch64/libuuid-2.42.2-h1022ec0_0.conda
      - conda: https://prefix.dev/conda-forge/linux-aarch64/libuv-1.52.1-h80f16a2_1.conda
      - conda: https://prefix.dev/conda-forge/linux-aarch64/libzlib-1.3.2-hdc9db2a_3.conda
      - conda: https://prefix.dev/conda-forge/linux-aarch64/ncurses-6.6-h2b6f883_1.conda
      - conda: https://prefix.dev/conda-forge/linux-aarch64/ninja-1.13.2-hdc560ac_1.conda
      - conda: https://prefix.dev/conda-forge/linux-aarch64/openssl-3.6.3-h546c87b_1.conda
      - conda: https://prefix.dev/conda-forge/linux-aarch64/patchelf-0.19.1-hfb11796_1.conda
      - conda: https://prefix.dev/conda-forge/linux-aarch64/pkg-config-0.29.2-h36a561e_1011.conda
      - conda: https://prefix.dev/conda-forge/linux-aarch64/python-3.14.7-h6bfacdd_100_cp314.conda
      - conda: https://prefix.dev/conda-forge/linux-aarch64/readline-8.3-ha7194a6_1.conda
      - conda: https://prefix.dev/conda-forge/linux-aarch64/rhash-1.4.6-he30d5cf_2.conda
      - conda: https://prefix.dev/conda-forge/linux-aarch64/tk-8.6.13-noxft_hf03c496_4.conda
      - conda: https://prefix.dev/conda-forge/linux-aarch64/zstd-1.5.7-h9d15635_7.conda
      - conda: https://prefix.dev/conda-forge/noarch/ca-certificates-2026.7.22-hbd8a1cb_0.conda
      - conda: https://prefix.dev/conda-forge/noarch/colorama-0.4.6-pyhd8ed1ab_1.conda
      - conda: https://prefix.dev/conda-forge/noarch/exceptiongroup-1.3.1-pyhd8ed1ab_0.conda
      - conda: https://prefix.dev/conda-forge/noarch/importlib-metadata-9.0.0-pyhcf101f3_0.conda
      - conda: https://prefix.dev/conda-forge/noarch/iniconfig-2.3.0-pyhd8ed1ab_0.conda
      - conda: https://prefix.dev/conda-forge/noarch/kernel-headers_linux-aarch64-4.18.0-h05a177a_9.conda
      - conda: https://prefix.dev/conda-forge/noarch/libgcc-devel_linux-aarch64-15.3.0-h6e7e4e0_104.conda
      - conda: https://prefix.dev/conda-forge/noarch/libstdcxx-devel_linux-aarch64-15.3.0-h0e8df58_104.conda
      - conda: https://prefix.dev/conda-forge/noarch/meson-1.12.0-pyhcf101f3_0.conda
      - conda: https://prefix.dev/conda-forge/noarch/packaging-26.3-pyhc364b38_0.conda
      - conda: https://prefix.dev/conda-forge/noarch/pip-26.2.1-pyh145f28c_0.conda
      - conda: https://prefix.dev/conda-forge/noarch/pluggy-1.6.0-pyhf9edf01_1.conda
      - conda: https://prefix.dev/conda-forge/noarch/pygments-2.21.0-pyhcf101f3_0.conda
      - conda: https://prefix.dev/conda-forge/noarch/pyproject-metadata-0.12.1-pyhd8ed1ab_0.conda
      - conda: https://prefix.dev/conda-forge/noarch/pyproject_hooks-1.2.0-pyhd8ed1ab_1.conda
      - conda: https://prefix.dev/conda-forge/noarch/pytest-9.1.1-pyhc364b38_2.conda
      - conda: https://prefix.dev/conda-forge/noarch/pytest-mock-3.15.1-pyhd8ed1ab_0.conda
      - conda: https://prefix.dev/conda-forge/noarch/python-build-1.5.0-pyhc364b38_0.conda
      - conda: https://prefix.dev/conda-forge/noarch/python_abi-3.14-8_cp314.conda
      - conda: https://prefix.dev/conda-forge/noarch/sysroot_linux-aarch64-2.28-h585391f_9.conda
      - conda: https://prefix.dev/conda-forge/noarch/tomli-2.4.1-pyhcf101f3_0.conda
      - conda: https://prefix.dev/conda-forge/noarch/typing_extensions-4.16.0-pyhcf101f3_0.conda
      - conda: https://prefix.dev/conda-forge/noarch/tzdata-2026c-h151e31d_0.conda
      - conda: https://prefix.dev/conda-forge/noarch/wheel-0.48.0-pyhd8ed1ab_0.conda
      - conda: https://prefix.dev/conda-forge/noarch/zipp-4.1.0-pyhcf101f3_0.conda
packages:
- conda: https://prefix.dev/conda-forge/linux-aarch64/_openmp_mutex-4.5-20_gnu.conda
  build_number: 20
  sha256: a2527b1d81792a0ccd2c05850960df119c2b6d8f5fdec97f2db7d25dc23b1068
  md5: 468fd3bb9e1f671d36c2cbc677e56f1d
  depends:
  - libgomp >=7.5.0
  constrains:
  - openmp_impl <0.0a0
  license: BSD-3-Clause
  license_family: BSD
  run_exports:
    strong:
    - _openmp_mutex >=4.5
  size: 28926
  timestamp: 1770939656741
- conda: https://prefix.dev/conda-forge/linux-aarch64/binutils_impl_linux-aarch64-2.46.1-default_h5f4c503_102.conda
  sha256: eebe159bf600943552e4319ff4ce27b6a2dadf0dcc5443e76dcee9259a408e11
  md5: 58f37d76b8234c69dbf2939d511bea0b
  depends:
  - ld_impl_linux-aarch64 2.46.1 default_h1979696_102
  - sysroot_linux-aarch64
  - zstd >=1.5.7,<1.6.0a0
  license: GPL-3.0-only
  license_family: GPL
  run_exports: {}
  size: 4677171
  timestamp: 1784214549910
- conda: https://prefix.dev/conda-forge/linux-aarch64/bzip2-1.0.8-h4777abc_10.conda
  sha256: 24eacc8a20fd7c4616566178562bef7f9344eb4a8700cfc3180fa75a6ff9d39f
  md5: fd544ef1c672d645bf78e5819cbb8f91
  depends:
  - libgcc >=14
  license: bzip2-1.0.6
  license_family: BSD
  run_exports:
    weak:
    - bzip2 >=1.0.8,<2.0a0
  size: 194694
  timestamp: 1785906301397
- conda: https://prefix.dev/conda-forge/linux-aarch64/c-ares-1.34.8-h29ee22c_2.conda
  sha256: 3838d10a78c206a1a4ec7ff041880b4f9b8ecde3520c911daae9e06baeb8858e
  md5: eb80eb38625b8552a099aa88f8ba5db7
  depends:
  - libgcc >=15
  license: MIT
  license_family: MIT
  run_exports:
    weak:
    - c-ares >=1.34.8,<2.0a0
  size: 241210
  timestamp: 1787169968125
- conda: https://prefix.dev/conda-forge/linux-aarch64/c-compiler-2.0.0-h1f08cd5_0.conda
  sha256: f48a9cb26eaf043e59a76933a61a62e73e360b2ce7c2045581540e31f826f8a6
  md5: 111808f8dee7e11e1ebe2461d4301edd
  depends:
  - gcc 15.*
  license: BSD-3-Clause
  license_family: BSD
  run_exports: {}
  size: 6988
  timestamp: 1786642160586
- conda: https://prefix.dev/conda-forge/linux-aarch64/cmake-4.4.2-hcbeb305_2.conda
  sha256: 3a9a8584c4d6f65771e1e50061f67734400c69031dabc0a6dc2020e19feab566
  md5: 4777f799c7478ae75c69de0df24fa399
  depends:
  - libgcc >=15
  - libstdcxx >=15
  - liblzma >=5.8.3,<6.0a0
  - libuv >=1.52.1,<2.0a0
  - zstd >=1.5.7,<1.6.0a0
  - bzip2 >=1.0.8,<2.0a0
  - libexpat >=2.8.1,<3.0a0
  - rhash >=1.4.6,<2.0a0
  - ncurses >=6.6,<7.0a0
  - libzlib >=1.3.2,<2.0a0
  - libcurl >=8.21.0,<9.0a0
  license: BSD-3-Clause
  license_family: BSD
  run_exports: {}
  size: 25496912
  timestamp: 1787209719745
- conda: https://prefix.dev/conda-forge/linux-aarch64/conda-gcc-specs-15.3.0-hbdd0822_4.conda
  sha256: d61e8e35090eac2af977f40d9b068fde2c3fdc3494f93230d955947709e4b581
  md5: afa5c705e03c6afce0228ff2283d6309
  depends:
  - gcc_impl_linux-aarch64 >=15.3.0,<15.3.1.0a0
  license: GPL-3.0-only WITH GCC-exception-3.1
  run_exports: {}
  size: 32418
  timestamp: 1787617791870
- conda: https://prefix.dev/conda-forge/linux-aarch64/cxx-compiler-2.0.0-hf41333a_0.conda
  sha256: 0616c1e5f97cbcb505f0daa119ca8c9975caca02c84c5bc4ceb0ef65bf7648a3
  md5: ce387759a5f3908b1273247b8660a048
  depends:
  - gxx 15.*
  license: BSD-3-Clause
  license_family: BSD
  run_exports: {}
  size: 6970
  timestamp: 1786642161076
- conda: https://prefix.dev/conda-forge/linux-aarch64/cython-3.3.0-py314h1eee2f1_0.conda
  sha256: 2a414114c1046e6f7d8f047f0cec96b80b32ce0dbd9f17c4a2e90209b3f66304
  md5: ef075772c977bf1a736eb45b21aa6a75
  depends:
  - libgcc >=15
  - libstdcxx >=15
  - python >=3.14,<3.15.0a0
  - python_abi 3.14.* *_cp314
  license: Apache-2.0
  run_exports: {}
  size: 3955136
  timestamp: 1787435574078
- conda: https://prefix.dev/conda-forge/linux-aarch64/gcc-15.3.0-hfdd745d_4.conda
  sha256: fc89612ee4e163923ba713a8814114e8c402054e79b85e32b75d1c38031b4362
  md5: 96724903f974e2151a077ec588bf9d7e
  depends:
  - conda-gcc-specs
  - gcc_impl_linux-aarch64 15.3.0 hfe63468_4
  license: BSD-3-Clause
  run_exports: {}
  size: 29466
  timestamp: 1787617883836
- conda: https://prefix.dev/conda-forge/linux-aarch64/gcc_impl_linux-aarch64-15.3.0-hfe63468_4.conda
  sha256: 6039029f4ce021e0c49fb47824e981ba5d2863498c0855f78a73dc09a75cf151
  md5: a6a25fd37f554f88b36a0d03af7775fa
  depends:
  - binutils_impl_linux-aarch64 >=2.46.1
  - libgcc >=15.3.0
  - libgcc-devel_linux-aarch64 15.3.0 h6e7e4e0_104
  - libgomp >=15.3.0
  - libsanitizer 15.3.0 he541324_4
  - libstdcxx >=15.3.0
  - libstdcxx-devel_linux-aarch64 15.3.0 h0e8df58_104
  - sysroot_linux-aarch64
  license: GPL-3.0-only WITH GCC-exception-3.1
  run_exports: {}
  size: 72956757
  timestamp: 1787617681639
- conda: https://prefix.dev/conda-forge/linux-aarch64/gxx-15.3.0-hfdd745d_4.conda
  sha256: 36cd033b6473c8bf782ea7ceee7704b2db43bc2070acb9981620f0e86db7ad8d
  md5: a633104932da5d9d0add986193a9b45d
  depends:
  - conda-gcc-specs
  - gcc 15.3.0 hfdd745d_4
  - gxx_impl_linux-aarch64 15.3.0 hcb04d1e_4
  license: BSD-3-Clause
  run_exports: {}
  size: 28835
  timestamp: 1787617914335
- conda: https://prefix.dev/conda-forge/linux-aarch64/gxx_impl_linux-aarch64-15.3.0-hcb04d1e_4.conda
  sha256: e5a301d88d8902a8954adbf0c4a28b579960bae312d4bd6ba79463a20795a86e
  md5: ba4fc57002f3425ed6a36496d299332d
  depends:
  - gcc_impl_linux-aarch64 15.3.0 hfe63468_4
  - libstdcxx-devel_linux-aarch64 15.3.0 h0e8df58_104
  - sysroot_linux-aarch64
  - tzdata
  license: GPL-3.0-only WITH GCC-exception-3.1
  run_exports: {}
  size: 14747440
  timestamp: 1787617855670
- conda: https://prefix.dev/conda-forge/linux-aarch64/icu-78.3-py311h3512406_2.conda
  sha256: 54d921defd947adb58a90e10203d3bfe6c1f209f5f1a1ad2c6a9f7617f2fb59e
  md5: b35bbb1b957440ed742f35fb96eb7f1c
  depends:
  - libgcc >=14
  - libstdcxx >=14
  license: MIT
  license_family: MIT
  run_exports:
    weak:
    - icu >=78.3,<79.0a0
  size: 14688525
  timestamp: 1786545779464
- conda: https://prefix.dev/conda-forge/linux-aarch64/keyutils-1.6.3-h5bc82ec_1.conda
  sha256: 3999b1472f1e549a0b766428e2823abf20626aac5314b474c9b76bf6eb679def
  md5: 6d9be306ecb8dfc9ff46f02cb367d5c2
  depends:
  - libgcc >=15
  license: LGPL-2.1-or-later
  run_exports:
    weak:
    - keyutils >=1.6.3,<2.0a0
  size: 129546
  timestamp: 1786739205968
- conda: https://prefix.dev/conda-forge/linux-aarch64/krb5-1.22.2-h095d8e5_2.conda
  sha256: 601d79af94d9562ba70e2d4947034ba159aae293a3c860855335a7c76c14400e
  md5: a4d0da122ba952abf76981e76d0d283c
  depends:
  - keyutils >=1.6.3,<2.0a0
  - libedit >=3.1.20250104,<3.2.0a0
  - libedit >=3.1.20250104,<4.0a0
  - libgcc >=15
  - libstdcxx >=15
  - openssl >=3.5.7,<4.0a0
  license: MIT
  license_family: MIT
  run_exports:
    weak:
    - krb5 >=1.22.2,<1.23.0a0
  size: 1538590
  timestamp: 1786762058856
- conda: https://prefix.dev/conda-forge/linux-aarch64/ld_impl_linux-aarch64-2.46.1-default_h1979696_102.conda
  sha256: 2c4901f4227b0850328ed0c69f958b30ad2cd18982f7a31c7c1f911827004d08
  md5: 489444d0acb2a579d2a002d85a08c059
  depends:
  - zstd >=1.5.7,<1.6.0a0
  constrains:
  - binutils_impl_linux-aarch64 2.46.1
  license: GPL-3.0-only
  license_family: GPL
  run_exports: {}
  size: 905305
  timestamp: 1784214534868
- conda: https://prefix.dev/conda-forge/linux-aarch64/libcurl-8.21.0-h86273da_5.conda
  sha256: d7bc660680aee2ce4011779bdfc00b3f8d0c98acf503aa2982874d81b075ff66
  md5: c2c977033fa833d7f1f83bb34dd52717
  depends:
  - krb5 >=1.22.2,<1.23.0a0
  - libgcc >=15
  - libnghttp2 >=1.68.1,<2.0a0
  - libpsl >=0.23.1,<0.24.0a0
  - libssh2 >=1.11.1,<2.0a0
  - libzlib >=1.3.2,<2.0a0
  - openssl >=3.5.7,<4.0a0
  - zstd >=1.5.7,<1.6.0a0
  license: curl
  license_family: MIT
  run_exports:
    weak:
    - libcurl >=8.21.0,<9.0a0
  size: 508109
  timestamp: 1787183657716
- conda: https://prefix.dev/conda-forge/linux-aarch64/libedit-3.1.20250104-pl5321hc48eb74_1.conda
  sha256: 2d7218da06f1121619335bff25a2669df810dee90d2eb65b17f8b2e6b1c0d372
  md5: 6e06eb2c9fda76721699bcdd759b9c60
  depends:
  - ncurses
  - libgcc >=14
  - ncurses >=6.6,<7.0a0
  license: BSD-2-Clause
  license_family: BSD
  run_exports:
    weak:
    - libedit >=3.1.20250104,<3.2.0a0
  size: 149007
  timestamp: 1786616643904
- conda: https://prefix.dev/conda-forge/linux-aarch64/libev-4.33-h80f16a2_3.conda
  sha256: 4475f79a020e9ff2a5a0308c48cb2970a25d55c3dd724a97ab28bfac3be6cd49
  md5: f679b30a53d410d0b5ae0cb8f5b7397e
  depends:
  - libgcc >=14
  license: BSD-2-Clause OR GPL-2.0-or-later
  license_family: GPL
  run_exports:
    weak:
    - libev >=4.33,<4.34.0a0
  size: 45746
  timestamp: 1785917328690
- conda: https://prefix.dev/conda-forge/linux-aarch64/libexpat-2.8.1-hfae3067_1.conda
  sha256: 20a5726bc8705d91437c9e6ef83b30da64a1719b869656d20a1ee818333ea5ac
  md5: fac3b65a605cd253037fdf3daf2de8d9
  depends:
  - libgcc >=14
  constrains:
  - expat 2.8.1.*
  license: MIT
  license_family: MIT
  run_exports: {}
  size: 77649
  timestamp: 1781203572523
- conda: https://prefix.dev/conda-forge/linux-aarch64/libffi-3.7.0-h376a255_0.conda
  sha256: c95b5b5fc13c8d7af2a9908e6c64844f48787a7631f8abcde1813dc21b3b079e
  md5: 81aedbde3ea118c602e8b289bf565ac5
  depends:
  - libgcc >=14
  license: MIT
  license_family: MIT
  run_exports:
    weak:
    - libffi >=3.7.0,<3.8.0a0
  size: 63746
  timestamp: 1783520889209
- conda: https://prefix.dev/conda-forge/linux-aarch64/libgcc-16.2.0-h205dda4_4.conda
  sha256: a132d78d49d0fa0a08e9e2a77528a12d974e8e123bc32895c0bd0a737b8abd89
  md5: 2c81f8ce7bda35c7a88c4c044452a97c
  depends:
  - _openmp_mutex >=4.5
  constrains:
  - libgcc-ng ==16.2.0=*_4
  - libgomp 16.2.0 h8acb6b2_4
  license: GPL-3.0-only WITH GCC-exception-3.1
  run_exports: {}
  size: 627810
  timestamp: 1787617756679
- conda: https://prefix.dev/conda-forge/linux-aarch64/libgomp-16.2.0-h8acb6b2_4.conda
  sha256: 6d216e6dc9a158b920f6e0c1dfdd6d77575bf79420dadf85d64576298ecb4503
  md5: 727c19b26cd43140e4a90a6f8f1cc31a
  license: GPL-3.0-only WITH GCC-exception-3.1
  run_exports:
    strong:
    - _openmp_mutex >=4.5
  size: 617987
  timestamp: 1787617685449
- conda: https://prefix.dev/conda-forge/linux-aarch64/liblzma-5.8.3-he30d5cf_1.conda
  sha256: f760669fd1cea27f689f411c0d5488e26ce50e382c9b63e4ad348f959850124a
  md5: e0e6411a60d00186eec7c73f4118ab67
  depends:
  - libgcc >=14
  constrains:
  - xz 5.8.3.*
  license: 0BSD
  run_exports:
    weak:
    - liblzma >=5.8.3,<6.0a0
  size: 125578
  timestamp: 1786348561649
- conda: https://prefix.dev/conda-forge/linux-aarch64/libmpdec-4.0.0-he30d5cf_2.conda
  sha256: 5d6621a2229777824386164b40c67ff804fe98dd4165354cf73ee73e282a2adf
  md5: eaaaec4776cd8a7b987c4b1782220141
  depends:
  - libgcc >=14
  license: BSD-2-Clause
  license_family: BSD
  run_exports: {}
  size: 113885
  timestamp: 1786650485380
- conda: https://prefix.dev/conda-forge/linux-aarch64/libnghttp2-1.68.1-ha4b982d_1.conda
  sha256: 0c28d734512fa2c66a232b2f3968eae7124dbd6ad42c594c752f1d08dfb86195
  md5: ff4b2b7c169c438bf648fb14f369c3b9
  depends:
  - c-ares >=1.34.8,<2.0a0
  - libev >=4.33,<4.34.0a0
  - libev >=4.33,<5.0a0
  - libgcc >=15
  - libstdcxx >=15
  - libzlib >=1.3.2,<2.0a0
  - openssl >=3.5.7,<4.0a0
  license: MIT
  license_family: MIT
  run_exports:
    weak:
    - libnghttp2 >=1.68.1,<2.0a0
  size: 734829
  timestamp: 1787177407983
- conda: https://prefix.dev/conda-forge/linux-aarch64/libpsl-0.23.1-hb8431ed_1.conda
  sha256: 757f79c182ac3080cf416acd91c7643b8074b8b2e5c1eba0ffc5a16897feb84b
  md5: 5ab41e5e70b78eb00ef62cdaa35cd86f
  depends:
  - libgcc >=15
  - libstdcxx >=15
  - icu >=78.3,<79.0a0
  license: MIT
  license_family: MIT
  run_exports:
    weak:
    - libpsl >=0.23.1,<0.24.0a0
  size: 73118
  timestamp: 1786970733378
- conda: https://prefix.dev/conda-forge/linux-aarch64/libsanitizer-15.3.0-he541324_4.conda
  sha256: fa1493b8ddd58f40ce4ef688a30cf93c0faf736f09821465e83d51d05475cb5c
  md5: 82801a6523a59e75c3ca663a80ae810e
  depends:
  - libgcc >=15.3.0
  - libstdcxx >=15.3.0
  license: GPL-3.0-only WITH GCC-exception-3.1
  run_exports:
    weak:
    - libsanitizer 15.3.0
  size: 7569114
  timestamp: 1787617645405
- conda: https://prefix.dev/conda-forge/linux-aarch64/libsqlite-3.53.4-h399dd60_1.conda
  sha256: fae75e68e9dbc3c90dcf93d4bae6315f1330c95aaf1404a721e8468266c23475
  md5: 27e16aa1f45c787aa181549be6f209f4
  depends:
  - icu >=78.3,<79.0a0
  - libgcc >=15
  - libzlib >=1.3.2,<2.0a0
  license: blessing
  run_exports:
    weak:
    - libsqlite >=3.53.4,<4.0a0
  size: 972932
  timestamp: 1787051100646
- conda: https://prefix.dev/conda-forge/linux-aarch64/libssh2-1.11.1-h7572e3e_1.conda
  sha256: f6fef76c1c8899d7976030871b8cd8016b0a306d2b8519834cd6491d6a42fb82
  md5: 833be3f226277d894df3c7a7131d9532
  depends:
  - libgcc >=14
  - libzlib >=1.3.2,<2.0a0
  - openssl >=3.5.7,<4.0a0
  license: BSD-3-Clause
  license_family: BSD
  run_exports:
    weak:
    - libssh2 >=1.11.1,<2.0a0
  size: 315682
  timestamp: 1786713068743
- conda: https://prefix.dev/conda-forge/linux-aarch64/libstdcxx-16.2.0-hef695bb_4.conda
  sha256: 84d2b667bce6549325243235952110b1849ff2dfd7091a1479108930b88057d5
  md5: 47b6b37e291c14f39bd95f9d340c45f5
  depends:
  - libgcc 16.2.0 h205dda4_4
  constrains:
  - libstdcxx-ng ==16.2.0=*_4
  license: GPL-3.0-only WITH GCC-exception-3.1
  run_exports: {}
  size: 6241792
  timestamp: 1787617775395
- conda: https://prefix.dev/conda-forge/linux-aarch64/libuuid-2.42.2-h1022ec0_0.conda
  sha256: 7663489f97c104ae3814db10f384932c74b439f3c1fd4247e4fe3599830c090a
  md5: 58fa42bc4bc71fc329889497ec15effb
  depends:
  - libgcc >=14
  license: BSD-3-Clause
  license_family: BSD
  run_exports:
    weak:
    - libuuid >=2.42.2,<3.0a0
  size: 43248
  timestamp: 1781625528371
- conda: https://prefix.dev/conda-forge/linux-aarch64/libuv-1.52.1-h80f16a2_1.conda
  sha256: 52f4bc6e340bde53bfe38e45f6cb1080a2d5f8891da9a647087f7cc6a6edfc22
  md5: 8e2136432f02841b9d8b848045f66d7d
  depends:
  - libgcc >=14
  license: MIT
  license_family: MIT
  run_exports:
    weak:
    - libuv >=1.52.1,<2.0a0
  size: 457209
  timestamp: 1785914582944
- conda: https://prefix.dev/conda-forge/linux-aarch64/libzlib-1.3.2-hdc9db2a_3.conda
  sha256: 76efa6cc9d7e6f5ee3bbca0939f64054af2bdfb3c3632531f8e633cf6c2ea41e
  md5: bd534c2fbe56d8c2ea3b2d8f5e12bca8
  constrains:
  - zlib 1.3.2 *_3
  license: Zlib
  license_family: Other
  run_exports:
    weak:
    - libzlib >=1.3.2,<2.0a0
  size: 70108
  timestamp: 1785276540870
- conda: https://prefix.dev/conda-forge/linux-aarch64/ncurses-6.6-h2b6f883_1.conda
  sha256: d69a04914139627f0a6bfd19412d6c7f1e37edc896af84a6011e07e8bc1e69fa
  md5: c3b4349171ca987ff33a1de61f7b3f96
  depends:
  - libgcc >=14
  license: X11 AND BSD-3-Clause
  run_exports:
    weak:
    - ncurses >=6.6,<7.0a0
  size: 955422
  timestamp: 1786355019431
- conda: https://prefix.dev/conda-forge/linux-aarch64/ninja-1.13.2-hdc560ac_1.conda
  sha256: 63d956ff75ca18235cae1d2e814246b011f9c85765416517ab1270aff55027d6
  md5: dc59c099f43cdffa2b92e5f6248be5b3
  depends:
  - libstdcxx >=14
  - libgcc >=14
  license: Apache-2.0
  license_family: APACHE
  run_exports: {}
  size: 182159
  timestamp: 1786713053611
- conda: https://prefix.dev/conda-forge/linux-aarch64/openssl-3.6.3-h546c87b_1.conda
  sha256: c89e748e8a008e8ca6f25e102362f33319db0c98cc29d98ddada92842f636327
  md5: 1600dfde78c5adba306f8571af62a323
  depends:
  - ca-certificates
  - libgcc >=14
  license: Apache-2.0
  license_family: Apache
  run_exports:
    weak:
    - openssl >=3.6.3,<4.0a0
  size: 3719270
  timestamp: 1785913554920
- conda: https://prefix.dev/conda-forge/linux-aarch64/patchelf-0.19.1-hfb11796_1.conda
  sha256: 1055ef142ff6af9711166ea9b30b9d54c63c9f078154d998a63850ec99db5274
  md5: e42be47cbb4f4a0c55ba95cd0c6c9ff6
  depends:
  - libgcc >=15
  - libstdcxx >=15
  license: GPL-3.0-or-later
  license_family: GPL
  run_exports: {}
  size: 155619
  timestamp: 1787380792832
- conda: https://prefix.dev/conda-forge/linux-aarch64/pkg-config-0.29.2-h36a561e_1011.conda
  sha256: 91cf73940417d96fe2c0dc8b4681cdf0e877a12a6eab1cf2ecba1a72699de075
  md5: 635b6b5a581745fb3a4b237069c1a309
  depends:
  - libgcc >=14
  license: GPL-2.0-or-later
  license_family: GPL
  run_exports: {}
  size: 331109
  timestamp: 1786352313756
- conda: https://prefix.dev/conda-forge/linux-aarch64/python-3.14.7-h6bfacdd_100_cp314.conda
  build_number: 100
  sha256: f06bf28284339913931caf4004e3d81269bfb08e57fe3487cf87008c02480194
  md5: 0be19acb61fbaa0f3c7bd3c58755ae39
  depends:
  - bzip2 >=1.0.8,<2.0a0
  - ld_impl_linux-aarch64 >=2.36.1
  - libexpat >=2.8.1,<3.0a0
  - libffi >=3.7.0,<3.8.0a0
  - libgcc >=15
  - liblzma >=5.8.3,<6.0a0
  - libmpdec >=4.0.0,<5.0a0
  - libsqlite >=3.53.4,<4.0a0
  - libuuid >=2.42.2,<3.0a0
  - libzlib >=1.3.2,<2.0a0
  - ncurses >=6.6,<7.0a0
  - openssl >=3.5.7,<4.0a0
  - python_abi 3.14.* *_cp314
  - readline >=8.3,<9.0a0
  - tk >=8.6.13,<8.7.0a0
  - tzdata
  - zstd >=1.5.7,<1.6.0a0
  license: Python-2.0
  run_exports:
    weak:
    - python_abi 3.14.* *_cp314
    noarch:
    - python
  size: 35165847
  timestamp: 1787154077054
  python_site_packages_path: lib/python3.14/site-packages
- conda: https://prefix.dev/conda-forge/linux-aarch64/readline-8.3-ha7194a6_1.conda
  sha256: 80167dcf73a96b6d0c1bb2298d7b8b9bc21b27cc5bf56979f9c548b49a4d1722
  md5: 5b399a7afa10098f2a6b02263181426e
  depends:
  - libgcc >=15
  - ncurses >=6.6,<7.0a0
  license: GPL-3.0-only
  license_family: GPL
  run_exports:
    weak:
    - readline >=8.3,<9.0a0
  size: 364344
  timestamp: 1787033761576
- conda: https://prefix.dev/conda-forge/linux-aarch64/rhash-1.4.6-he30d5cf_2.conda
  sha256: b4e49255aa581788c28f0a4a19ba49756cea968998c599f40feadcfeb80d15fb
  md5: aa87887d8ec28a87ae84d996876e728e
  depends:
  - libgcc >=14
  license: MIT
  license_family: MIT
  run_exports:
    weak:
    - rhash >=1.4.6,<2.0a0
  size: 211434
  timestamp: 1786731457243
- conda: https://prefix.dev/conda-forge/linux-aarch64/tk-8.6.13-noxft_hf03c496_4.conda
  build_number: 104
  sha256: a1aa0d0f0b3d539644ff992e6dd0facf950c79df58fc37590ce5be84ff5e3f22
  md5: ebaded4b4b74c2cc43a754ded4eed76f
  depends:
  - libgcc >=15
  - libzlib >=1.3.2,<2.0a0
  constrains:
  - xorg-libx11 >=1.8.13,<2.0a0
  license: TCL
  run_exports:
    weak:
    - tk >=8.6.13,<8.7.0a0
  size: 3664220
  timestamp: 1787272859143
- conda: https://prefix.dev/conda-forge/linux-aarch64/zstd-1.5.7-h9d15635_7.conda
  sha256: 427fd14bcb3b8659796fecc682716617409350fb5a98e5b7b47558a10d1a2fc7
  md5: d942e34ac3920ba83f8b2d0169570187
  depends:
  - libzlib >=1.3.2,<2.0a0
  license: BSD-3-Clause
  license_family: BSD
  run_exports:
    weak:
    - zstd >=1.5.7,<1.6.0a0
  size: 615477
  timestamp: 1786599613561
- conda: https://prefix.dev/conda-forge/noarch/ca-certificates-2026.7.22-hbd8a1cb_0.conda
  sha256: 0a0544cf95f64394fe4959286f5c71f5444ad58feb0602e53becb27448d24da6
  md5: 0f51e2391ade309db462a55611263e9c
  depends:
  - __unix
  license: ISC
  run_exports: {}
  size: 131780
  timestamp: 1784754889428
- conda: https://prefix.dev/conda-forge/noarch/colorama-0.4.6-pyhd8ed1ab_1.conda
  sha256: ab29d57dc70786c1269633ba3dff20288b81664d3ff8d21af995742e2bb03287
  md5: 962b9857ee8e7018c22f2776ffa0b2d7
  depends:
  - python >=3.9
  license: BSD-3-Clause
  license_family: BSD
  run_exports: {}
  size: 27011
  timestamp: 1733218222191
- conda: https://prefix.dev/conda-forge/noarch/exceptiongroup-1.3.1-pyhd8ed1ab_0.conda
  sha256: ee6cf346d017d954255bbcbdb424cddea4d14e4ed7e9813e429db1d795d01144
  md5: 8e662bd460bda79b1ea39194e3c4c9ab
  depends:
  - python >=3.10
  - typing_extensions >=4.6.0
  license: MIT and PSF-2.0
  run_exports: {}
  size: 21333
  timestamp: 1763918099466
- conda: https://prefix.dev/conda-forge/noarch/importlib-metadata-9.0.0-pyhcf101f3_0.conda
  sha256: 43e2a5497cad1598ff88a3e69f69bc88b7b8f141fa63c60eab5db296317318b8
  md5: ffc17e785d64e12fc311af9184221839
  depends:
  - python >=3.10
  - zipp >=3.20
  - python
  license: Apache-2.0
  license_family: APACHE
  run_exports: {}
  size: 34766
  timestamp: 1779714582554
- conda: https://prefix.dev/conda-forge/noarch/iniconfig-2.3.0-pyhd8ed1ab_0.conda
  sha256: e1a9e3b1c8fe62dc3932a616c284b5d8cbe3124bbfbedcf4ce5c828cb166ee19
  md5: 9614359868482abba1bd15ce465e3c42
  depends:
  - python >=3.10
  license: MIT
  license_family: MIT
  run_exports: {}
  size: 13387
  timestamp: 1760831448842
- conda: https://prefix.dev/conda-forge/noarch/kernel-headers_linux-aarch64-4.18.0-h05a177a_9.conda
  sha256: 5d224bf4df9bac24e69de41897c53756108c5271a0e5d2d2f66fd4e2fbc1d84b
  md5: bb3b7cad9005f2cbf9d169fb30263f3e
  constrains:
  - sysroot_linux-aarch64 ==2.28
  license: LGPL-2.0-or-later AND LGPL-2.0-or-later WITH exceptions AND GPL-2.0-or-later
  license_family: GPL
  run_exports: {}
  size: 1248134
  timestamp: 1765578613607
- conda: https://prefix.dev/conda-forge/noarch/libgcc-devel_linux-aarch64-15.3.0-h6e7e4e0_104.conda
  sha256: 7082eeeef07bba617b778348267956db5d0bf84eb5f1b5fe6ada9fee4a6fad85
  md5: 4d59c62b87531bb11393daeb4b750c43
  depends:
  - __unix
  license: GPL-3.0-only WITH GCC-exception-3.1
  run_exports: {}
  size: 2353577
  timestamp: 1787617542232
- conda: https://prefix.dev/conda-forge/noarch/libstdcxx-devel_linux-aarch64-15.3.0-h0e8df58_104.conda
  sha256: 648173a13da532b6599844d49243d40ba9baec655f7ddc5016cc567c89080a87
  md5: 248aa5cadf9dc07c7c893b3acde3da1b
  depends:
  - __unix
  license: GPL-3.0-only WITH GCC-exception-3.1
  run_exports: {}
  size: 17560431
  timestamp: 1787617560373
- conda: https://prefix.dev/conda-forge/noarch/meson-1.12.0-pyhcf101f3_0.conda
  sha256: 6c158a48c43f0b2e03dd26521fe940991285fd149773aaeb5ead843b2bda92ca
  md5: 73afbaae293a0d6feed3a5559b6d4359
  depends:
  - python >=3.10
  - ninja >=1.8.2
  - python
  license: Apache-2.0
  license_family: APACHE
  run_exports: {}
  size: 796640
  timestamp: 1786430108066
- conda: https://prefix.dev/conda-forge/noarch/packaging-26.3-pyhc364b38_0.conda
  sha256: c432626b16768b8dab228bfb706f7060c2d462a21c516d240f68f2f902b5a044
  md5: 936687ed80f295a1f5dbcf8bd34c252c
  depends:
  - python >=3.9
  - python
  license: Apache-2.0
  license_family: APACHE
  run_exports: {}
  size: 116363
  timestamp: 1785888127370
- conda: https://prefix.dev/conda-forge/noarch/pip-26.2.1-pyh145f28c_0.conda
  sha256: 0f7021cfb3ff454c91a5e28e1f5060906a52c6d1cde3f879a7d03ac33c28b1c3
  md5: 573cb3ed111004230ed3de650653cd4d
  depends:
  - python >=3.13.0a0
  license: MIT
  license_family: MIT
  run_exports: {}
  size: 1198163
  timestamp: 1785914482439
- conda: https://prefix.dev/conda-forge/noarch/pluggy-1.6.0-pyhf9edf01_1.conda
  sha256: e14aafa63efa0528ca99ba568eaf506eb55a0371d12e6250aaaa61718d2eb62e
  md5: d7585b6550ad04c8c5e21097ada2888e
  depends:
  - python >=3.9
  - python
  license: MIT
  license_family: MIT
  run_exports: {}
  size: 25877
  timestamp: 1764896838868
- conda: https://prefix.dev/conda-forge/noarch/pygments-2.21.0-pyhcf101f3_0.conda
  sha256: f5f015ff1bc3e1b7fc08eee096b1865234189ae0b82bebdb86a5369116e42fa0
  md5: 2882dee445dfa45b0c5afce3ffb7730a
  depends:
  - python >=3.10
  - python
  license: BSD-2-Clause
  license_family: BSD
  run_exports: {}
  size: 959376
  timestamp: 1786995678795
- conda: https://prefix.dev/conda-forge/noarch/pyproject-metadata-0.12.1-pyhd8ed1ab_0.conda
  sha256: 9951d325225765ab01977f151abf9165cab68e5b73b93eac210dfb7322b74c65
  md5: 5997c30f8b2310c4acf067a1a7c7ccc3
  depends:
  - packaging >=23.2
  - python >=3.10
  license: MIT
  license_family: MIT
  run_exports: {}
  size: 27343
  timestamp: 1783140019536
- conda: https://prefix.dev/conda-forge/noarch/pyproject_hooks-1.2.0-pyhd8ed1ab_1.conda
  sha256: 065ac44591da9abf1ff740feb25929554b920b00d09287a551fcced2c9791092
  md5: d4582021af437c931d7d77ec39007845
  depends:
  - python >=3.9
  - tomli >=1.1.0
  license: MIT
  license_family: MIT
  run_exports: {}
  size: 15528
  timestamp: 1733710122949
- conda: https://prefix.dev/conda-forge/noarch/pytest-9.1.1-pyhc364b38_2.conda
  sha256: 430051d80765207a7d782b2b188230ba1489d35c6e75fd9903f76cb9fda4af16
  md5: 64c98a12c4e23eb238bf66bbecafdf3c
  depends:
  - colorama
  - pygments >=2.7.2
  - python >=3.10
  - iniconfig >=1.0.1
  - packaging >=22
  - pluggy >=1.5,<2
  - tomli >=1
  - exceptiongroup >=1
  - python
  constrains:
  - pytest-faulthandler >=2
  license: MIT
  license_family: MIT
  run_exports: {}
  size: 306724
  timestamp: 1782127176429
- conda: https://prefix.dev/conda-forge/noarch/pytest-mock-3.15.1-pyhd8ed1ab_0.conda
  sha256: 2936717381a2740c7bef3d96827c042a3bba3ba1496c59892989296591e3dabb
  md5: 0511afbe860b1a653125d77c719ece53
  depends:
  - pytest >=6.2.5
  - python >=3.10
  license: MIT
  license_family: MIT
  run_exports: {}
  size: 22968
  timestamp: 1758101248317
- conda: https://prefix.dev/conda-forge/noarch/python-build-1.5.0-pyhc364b38_0.conda
  sha256: eb8d5e44fddee9033eb7cfdd5ea584b7594b50e31c7602bef553af0fd4ee9266
  md5: fa587158c0d768127faa1a3b4df01e5d
  depends:
  - python >=3.10
  - colorama
  - importlib-metadata >=4.6
  - packaging >=24.0
  - pyproject_hooks
  - tomli >=1.1.0
  - python
  constrains:
  - build <0
  license: MIT
  license_family: MIT
  run_exports: {}
  size: 28946
  timestamp: 1778048948266
- conda: https://prefix.dev/conda-forge/noarch/python_abi-3.14-8_cp314.conda
  build_number: 8
  sha256: ad6d2e9ac39751cc0529dd1566a26751a0bf2542adb0c232533d32e176e21db5
  md5: 0539938c55b6b1a59b560e843ad864a4
  constrains:
  - python 3.14.* *_cp314
  license: BSD-3-Clause
  license_family: BSD
  run_exports: {}
  size: 6989
  timestamp: 1752805904792
- conda: https://prefix.dev/conda-forge/noarch/sysroot_linux-aarch64-2.28-h585391f_9.conda
  sha256: 1bd2db6b2e451247bab103e4a0128cf6c7595dd72cb26d70f7fadd9edd1d1bc3
  md5: fdf07ab944a222ff28c754914fdb0740
  depends:
  - __glibc >=2.28
  - kernel-headers_linux-aarch64 4.18.0 h05a177a_9
  - tzdata
  license: LGPL-2.0-or-later AND LGPL-2.0-or-later WITH exceptions AND GPL-2.0-or-later
  license_family: GPL
  run_exports:
    strong:
    - __glibc >=2.28,<3.0.a0
  size: 23644746
  timestamp: 1765578629426
- conda: https://prefix.dev/conda-forge/noarch/tomli-2.4.1-pyhcf101f3_0.conda
  sha256: 91cafdb64268e43e0e10d30bd1bef5af392e69f00edd34dfaf909f69ab2da6bd
  md5: b5325cf06a000c5b14970462ff5e4d58
  depends:
  - python >=3.10
  - python
  license: MIT
  license_family: MIT
  run_exports: {}
  size: 21561
  timestamp: 1774492402955
- conda: https://prefix.dev/conda-forge/noarch/typing_extensions-4.16.0-pyhcf101f3_0.conda
  sha256: 2d888f90af0686044882c74193ec80a90ec1943145d94a7b1b048958acda1848
  md5: c70ad746c22219b9700931707482992c
  depends:
  - python >=3.10
  - python
  license: PSF-2.0
  license_family: PSF
  run_exports: {}
  size: 52631
  timestamp: 1783002732887
- conda: https://prefix.dev/conda-forge/noarch/tzdata-2026c-h151e31d_0.conda
  sha256: b928c30ddcb0e3f544c6eade8352737e6e610e263276b90232db6a578ef899d8
  md5: fcb489df604d100968b737f2cb6076c6
  license: LicenseRef-Public-Domain
  run_exports: {}
  size: 118849
  timestamp: 1784250406640
- conda: https://prefix.dev/conda-forge/noarch/wheel-0.48.0-pyhd8ed1ab_0.conda
  sha256: ba64b29b6d418024cb565081a1799262cb2780d2534ff4c14f76aa858c4286cd
  md5: 9a2124517bfd5d792e0f7b86eefdfeb8
  depends:
  - packaging >=24.0
  - python >=3.10
  license: MIT
  license_family: MIT
  run_exports: {}
  size: 34528
  timestamp: 1786613220176
- conda: https://prefix.dev/conda-forge/noarch/zipp-4.1.0-pyhcf101f3_0.conda
  sha256: 210bd31c22bb88f5e2a167df24c95bb5f152b2ada7502f9b8c49d1f5366db423
  md5: ba3dcdc8584155c97c648ae9c044b7a3
  depends:
  - python >=3.10
  - python
  license: MIT
  license_family: MIT
  run_exports: {}
  size: 24190
  timestamp: 1779159948016
